{
  "name": "clock",
  "version": "1.0.0",
  "lockfileVersion": 2,
  "requires": true,
  "packages": {
    "": {
      "name": "clock",
      "version": "1.0.0",
      "license": "ISC",
      "dependencies": {
        "tweakpane": "^3.0.8"
      }
    },
    "node_modules/tweakpane": {
      "version": "3.0.8",
      "resolved": "https://registry.npmjs.org/tweakpane/-/tweakpane-3.0.8.tgz",
      "integrity": "sha512-vJuB0346B6gMpxnFDJyy2wcEshkvcTpQ74TCqJTeFaDvzq9FL29h5KszT1+YUTLlP+26OQI8PFGN8WbtOQStnQ==",
      "funding": {
        "url": "https://github.com/sponsors/cocopon"
      }
    }
  },
  "dependencies": {
    "tweakpane": {
      "version": "3.0.8",
      "resolved": "https://registry.npmjs.org/tweakpane/-/tweakpane-3.0.8.tgz",
      "integrity": "sha512-vJuB0346B6gMpxnFDJyy2wcEshkvcTpQ74TCqJTeFaDvzq9FL29h5KszT1+YUTLlP+26OQI8PFGN8WbtOQStnQ=="
    }
  }
}
